{
    "_meta": {
        "hash": {
            "sha256": "3e64c3b9ee415f3c46f58937de3a1179b24d3da9616ea4e00d9e353fc5698318"
        },
        "pipfile-spec": 6,
        "requires": {
            "python_version": "3.8"
        },
        "sources": [
            {
                "name": "pypi",
                "url": "https://pypi.org/simple",
                "verify_ssl": true
            }
        ]
    },
    "default": {
        "cftime": {
            "hashes": [
                "sha256:08bc1af49f92a31b8b58a4d8b61bf457e17832eb3440eac7eec79afca7d0be59",
                "sha256:1381b4ba9e53e932472a7da574d8553477d15aa8bc647425cb0110db4f4dfdac",
                "sha256:33b5180650a4aace7ce021af4af0f278477be94276da7b7c8ae51b49e5a022a9",
                "sha256:3c23e4b0109ff7b878fc60d7ed9131bdc8c2c8ea098c2f9200e19c596ffe0019",
                "sha256:5ddbc9514719e6b964cd9fd5f306679af09f53f8f6792888d62448b1b6d764d9",
                "sha256:650e3ca771f6b6e9d6984af007c1045eb77eae40f9342e2982a45162a097cac5",
                "sha256:7a2b0a3821071560d2ae01236215be6dd7bfa81328823ec602f37496aeea35d0",
                "sha256:7cb8defe607da8cacbd4ebb3b983571732b0476be98decda37595ae49108797f",
                "sha256:8390ea907988b11a93fa263365ca6a4ea829378b1e24e48b1087803d6bb6089c",
                "sha256:ab5d5076f7d3e699758a244ada7c66da96bae36e22b9e351ce0ececc36f0a57f",
                "sha256:b4bb4ae6c6e44f4d8bc080042515e70423bec20f5279e49b564c0238dc4319ad",
                "sha256:b694aead858872b7102f860d00439147df1d867ea8fbaafe0be787f7fa59c264",
                "sha256:bf797e0c71631406a19fe2a69ff311cb9be10610c30e02f7f75920e779076840",
                "sha256:d6bf1c1954660a500d11ca047151205182212dfaa20b2eb0c6dfe372140868fc",
                "sha256:eba48c7e47468f16cb1c8caf6ce772e39d067100e3893b94cf7dd394ec23d943",
                "sha256:fec04d3bed7078f1a62db7dab12790b96eb3b48e3522ad0c28c9d36175b99f89"
            ],
            "version": "==1.2.1"
        },
        "netcdf4": {
            "hashes": [
                "sha256:1dbc38bea9e50fd3476a6c9d8bcc871b8f36e194b40bb720584f7d3bb9c381b6",
                "sha256:223b84f8d2a148e889b1933944109bdecbefc097200ab42e8a66c967b1398e1b",
                "sha256:26f073e09ce353c6b8f2baa4d20d41ae80bda19391110067968f0d2dfe0cba69",
                "sha256:355aafbd932f98bcc04d16b20cfad9bec07df8631fa41ae8d3992ab071d7e37e",
                "sha256:368c1820b6a059887af5b5902717788b45df9db3318a4f3c9f683acb9af7bf43",
                "sha256:395f9d7dbdfc13111e5a6a99ced9c64f2ffdff39a21d9d100374e31170ea4875",
                "sha256:3dd358286f60afcb7d2df15362157a1821786ddb4bac10239849b0b751be91a7",
                "sha256:703bca7c85f86ec8d469dfd2b7e9d7e5b4e1be0224c8c7f6c03ea132e1b55069",
                "sha256:941de6f3623b6474ecb4d043be5990690f7af4cf0d593b31be912627fe5aad03",
                "sha256:a3920a4a74ace672b12864cb505a4229dc86ce93ba299df0e933ed43f011d7a4",
                "sha256:a443c1523ec0449483e620ae17f92cfd59567bd50f8dfece6b7ee7a20e28249d",
                "sha256:af1eaadf3f0a1ef91c1f396c0b57d4a376db9459f6ae812e711404917b352a26",
                "sha256:b39e453d0ecf81bf61f2c2dca36a22149f680499ac0e06029c7fa9fa5cc2e41f",
                "sha256:c4192fa17493783b409c726048e5297591b2938e19fe7ec8f2769c859290a404",
                "sha256:ce5c4e42f8970ecbafb7f706648e03e8e1ec54a3db979a68f5cf49ff032ab06e",
                "sha256:eedd5d256a9393645bf06e9de97d8b744692217c426a03aca935fded43f5222f",
                "sha256:f3d224b6ea4017ba067a116b7ba4e56e7086bdfd41aa0ceceef12b8b85dbf6b3",
                "sha256:ff0db30eee3fe3d4dc18c6658e702b2a4859a3b94c1990177fea4660cebe3c37"
            ],
            "index": "pypi",
            "version": "==1.5.4"
        },
        "numpy": {
            "hashes": [
                "sha256:082f8d4dd69b6b688f64f509b91d482362124986d98dc7dc5f5e9f9b9c3bb983",
                "sha256:1bc0145999e8cb8aed9d4e65dd8b139adf1919e521177f198529687dbf613065",
                "sha256:309cbcfaa103fc9a33ec16d2d62569d541b79f828c382556ff072442226d1968",
                "sha256:3673c8b2b29077f1b7b3a848794f8e11f401ba0b71c49fbd26fb40b71788b132",
                "sha256:480fdd4dbda4dd6b638d3863da3be82873bba6d32d1fc12ea1b8486ac7b8d129",
                "sha256:56ef7f56470c24bb67fb43dae442e946a6ce172f97c69f8d067ff8550cf782ff",
                "sha256:5a936fd51049541d86ccdeef2833cc89a18e4d3808fe58a8abeb802665c5af93",
                "sha256:5b6885c12784a27e957294b60f97e8b5b4174c7504665333c5e94fbf41ae5d6a",
                "sha256:667c07063940e934287993366ad5f56766bc009017b4a0fe91dbd07960d0aba7",
                "sha256:7ed448ff4eaffeb01094959b19cbaf998ecdee9ef9932381420d514e446601cd",
                "sha256:8343bf67c72e09cfabfab55ad4a43ce3f6bf6e6ced7acf70f45ded9ebb425055",
                "sha256:92feb989b47f83ebef246adabc7ff3b9a59ac30601c3f6819f8913458610bdcc",
                "sha256:935c27ae2760c21cd7354402546f6be21d3d0c806fffe967f745d5f2de5005a7",
                "sha256:aaf42a04b472d12515debc621c31cf16c215e332242e7a9f56403d814c744624",
                "sha256:b12e639378c741add21fbffd16ba5ad25c0a1a17cf2b6fe4288feeb65144f35b",
                "sha256:b1cca51512299841bf69add3b75361779962f9cee7d9ee3bb446d5982e925b69",
                "sha256:b8456987b637232602ceb4d663cb34106f7eb780e247d51a260b84760fd8f491",
                "sha256:b9792b0ac0130b277536ab8944e7b754c69560dac0415dd4b2dbd16b902c8954",
                "sha256:c9591886fc9cbe5532d5df85cb8e0cc3b44ba8ce4367bd4cf1b93dc19713da72",
                "sha256:cf1347450c0b7644ea142712619533553f02ef23f92f781312f6a3553d031fc7",
                "sha256:de8b4a9b56255797cbddb93281ed92acbc510fb7b15df3f01bd28f46ebc4edae",
                "sha256:e1b1dc0372f530f26a03578ac75d5e51b3868b9b76cd2facba4c9ee0eb252ab1",
                "sha256:e45f8e981a0ab47103181773cc0a54e650b2aef8c7b6cd07405d0fa8d869444a",
                "sha256:e4f6d3c53911a9d103d8ec9518190e52a8b945bab021745af4939cfc7c0d4a9e",
                "sha256:ed8a311493cf5480a2ebc597d1e177231984c818a86875126cfd004241a73c3e",
                "sha256:ef71a1d4fd4858596ae80ad1ec76404ad29701f8ca7cdcebc50300178db14dfc"
            ],
            "index": "pypi",
            "version": "==1.19.1"
        },
        "pyyaml": {
            "hashes": [
                "sha256:06a0d7ba600ce0b2d2fe2e78453a470b5a6e000a985dd4a4e54e436cc36b0e97",
                "sha256:240097ff019d7c70a4922b6869d8a86407758333f02203e0fc6ff79c5dcede76",
                "sha256:4f4b913ca1a7319b33cfb1369e91e50354d6f07a135f3b901aca02aa95940bd2",
                "sha256:69f00dca373f240f842b2931fb2c7e14ddbacd1397d57157a9b005a6a9942648",
                "sha256:73f099454b799e05e5ab51423c7bcf361c58d3206fa7b0d555426b1f4d9a3eaf",
                "sha256:74809a57b329d6cc0fdccee6318f44b9b8649961fa73144a98735b0aaf029f1f",
                "sha256:7739fc0fa8205b3ee8808aea45e968bc90082c10aef6ea95e855e10abf4a37b2",
                "sha256:95f71d2af0ff4227885f7a6605c37fd53d3a106fcab511b8860ecca9fcf400ee",
                "sha256:b8eac752c5e14d3eca0e6dd9199cd627518cb5ec06add0de9d32baeee6fe645d",
                "sha256:cc8955cfbfc7a115fa81d85284ee61147059a753344bc51098f3ccd69b0d7e0c",
                "sha256:d13155f591e6fcc1ec3b30685d50bf0711574e2c0dfffd7644babf8b5102ca1a"
            ],
            "index": "pypi",
            "version": "==5.3.1"
        },
        "scipy": {
            "hashes": [
                "sha256:066c513d90eb3fd7567a9e150828d39111ebd88d3e924cdfc9f8ce19ab6f90c9",
                "sha256:07e52b316b40a4f001667d1ad4eb5f2318738de34597bd91537851365b6c61f1",
                "sha256:0a0e9a4e58a4734c2eba917f834b25b7e3b6dc333901ce7784fd31aefbd37b2f",
                "sha256:1c7564a4810c1cd77fcdee7fa726d7d39d4e2695ad252d7c86c3ea9d85b7fb8f",
                "sha256:315aa2165aca31375f4e26c230188db192ed901761390be908c9b21d8b07df62",
                "sha256:6e86c873fe1335d88b7a4bfa09d021f27a9e753758fd75f3f92d714aa4093768",
                "sha256:8e28e74b97fc8d6aa0454989db3b5d36fc27e69cef39a7ee5eaf8174ca1123cb",
                "sha256:92eb04041d371fea828858e4fff182453c25ae3eaa8782d9b6c32b25857d23bc",
                "sha256:a0afbb967fd2c98efad5f4c24439a640d39463282040a88e8e928db647d8ac3d",
                "sha256:a785409c0fa51764766840185a34f96a0a93527a0ff0230484d33a8ed085c8f8",
                "sha256:cca9fce15109a36a0a9f9cfc64f870f1c140cb235ddf27fe0328e6afb44dfed0",
                "sha256:d56b10d8ed72ec1be76bf10508446df60954f08a41c2d40778bc29a3a9ad9bce",
                "sha256:dac09281a0eacd59974e24525a3bc90fa39b4e95177e638a31b14db60d3fa806",
                "sha256:ec5fe57e46828d034775b00cd625c4a7b5c7d2e354c3b258d820c6c72212a6ec",
                "sha256:eecf40fa87eeda53e8e11d265ff2254729d04000cd40bae648e76ff268885d66",
                "sha256:fc98f3eac993b9bfdd392e675dfe19850cc8c7246a8fd2b42443e506344be7d9"
            ],
            "index": "pypi",
            "version": "==1.5.2"
        },
        "sh": {
            "hashes": [
                "sha256:6f792e45b45d039b423081558904981e8ab49572b0c38009fcc65feaab06bcda",
                "sha256:97a3d2205e3c6a842d87ebbc9ae93acae5a352b1bc4609b428d0fd5bb9e286a3"
            ],
            "index": "pypi",
            "version": "==1.13.1"
        }
    },
    "develop": {
        "flake8": {
            "hashes": [
                "sha256:15e351d19611c887e482fb960eae4d44845013cc142d42896e9862f775d8cf5c",
                "sha256:f04b9fcbac03b0a3e58c0ab3a0ecc462e023a9faf046d57794184028123aa208"
            ],
            "index": "pypi",
            "version": "==3.8.3"
        },
        "mccabe": {
            "hashes": [
                "sha256:ab8a6258860da4b6677da4bd2fe5dc2c659cff31b3ee4f7f5d64e79735b80d42",
                "sha256:dd8d182285a0fe56bace7f45b5e7d1a6ebcbf524e8f3bd87eb0f125271b8831f"
            ],
            "version": "==0.6.1"
        },
        "pycodestyle": {
            "hashes": [
                "sha256:2295e7b2f6b5bd100585ebcb1f616591b652db8a741695b3d8f5d28bdc934367",
                "sha256:c58a7d2815e0e8d7972bf1803331fb0152f867bd89adf8a01dfd55085434192e"
            ],
            "markers": "python_version >= '2.7' and python_version not in '3.0, 3.1, 3.2, 3.3'",
            "version": "==2.6.0"
        },
        "pyflakes": {
            "hashes": [
                "sha256:0d94e0e05a19e57a99444b6ddcf9a6eb2e5c68d3ca1e98e90707af8152c90a92",
                "sha256:35b2d75ee967ea93b55750aa9edbbf72813e06a66ba54438df2cfac9e3c27fc8"
            ],
            "markers": "python_version >= '2.7' and python_version not in '3.0, 3.1, 3.2, 3.3'",
            "version": "==2.2.0"
        }
    }
}
